
Microsoft Visual Studio Solution File, Format Version 12.00
# Visual Studio Version 17
VisualStudioVersion = 17.11.35327.3
MinimumVisualStudioVersion = 10.0.40219.1
Project("{FAE04EC0-301F-11D3-BF4B-00C04F79EFBC}") = "campus_molndal_2024_oop", "campus_molndal_2024_oop\campus_molndal_2024_oop.csproj", "{DAC8A808-DB2F-4E75-A336-694D8D003808}"
EndProject
Project("{FAE04EC0-301F-11D3-BF4B-00C04F79EFBC}") = "campus_molndal_2024_db", "campus_molndal_2024_db\campus_molndal_2024_db.csproj", "{C27E07A3-A70B-4734-9CE5-E87F1DAC96F6}"
EndProject
Project("{FAE04EC0-301F-11D3-BF4B-00C04F79EFBC}") = "campus_molndal_oop_adv_addressBook", "campus_molndal_oop_adv_addressBook\campus_molndal_oop_adv_addressBook.csproj", "{062FFF6A-FD9D-46A9-B27E-591FBABEB704}"
EndProject
Project("{FAE04EC0-301F-11D3-BF4B-00C04F79EFBC}") = "campus_molndal_oop_adv_todo", "campus_molndal_oop_adv_todo\campus_molndal_oop_adv_todo.csproj", "{36FB3B28-63F1-434F-BC5C-F0D18CAAA234}"
EndProject
Project("{FAE04EC0-301F-11D3-BF4B-00C04F79EFBC}") = "campus_molndal_oop_adv", "campus_molndal_oop_adv\campus_molndal_oop_adv.csproj", "{FD2EC23A-EAD2-47D4-8CA1-43C5557DF9CE}"
EndProject
Project("{FAE04EC0-301F-11D3-BF4B-00C04F79EFBC}") = "campus_molndal_oop_adv_library", "campus_molndal_oop_adv_library\campus_molndal_oop_adv_library.csproj", "{DD7F4629-1964-4042-8EF3-4009AC681379}"
EndProject
Global
	GlobalSection(SolutionConfigurationPlatforms) = preSolution
		Debug|Any CPU = Debug|Any CPU
		Release|Any CPU = Release|Any CPU
	EndGlobalSection
	GlobalSection(ProjectConfigurationPlatforms) = postSolution
		{DAC8A808-DB2F-4E75-A336-694D8D003808}.Debug|Any CPU.ActiveCfg = Debug|Any CPU
		{DAC8A808-DB2F-4E75-A336-694D8D003808}.Debug|Any CPU.Build.0 = Debug|Any CPU
		{DAC8A808-DB2F-4E75-A336-694D8D003808}.Release|Any CPU.ActiveCfg = Release|Any CPU
		{DAC8A808-DB2F-4E75-A336-694D8D003808}.Release|Any CPU.Build.0 = Release|Any CPU
		{C27E07A3-A70B-4734-9CE5-E87F1DAC96F6}.Debug|Any CPU.ActiveCfg = Debug|Any CPU
		{C27E07A3-A70B-4734-9CE5-E87F1DAC96F6}.Debug|Any CPU.Build.0 = Debug|Any CPU
		{C27E07A3-A70B-4734-9CE5-E87F1DAC96F6}.Release|Any CPU.ActiveCfg = Release|Any CPU
		{C27E07A3-A70B-4734-9CE5-E87F1DAC96F6}.Release|Any CPU.Build.0 = Release|Any CPU
		{062FFF6A-FD9D-46A9-B27E-591FBABEB704}.Debug|Any CPU.ActiveCfg = Debug|Any CPU
		{062FFF6A-FD9D-46A9-B27E-591FBABEB704}.Debug|Any CPU.Build.0 = Debug|Any CPU
		{062FFF6A-FD9D-46A9-B27E-591FBABEB704}.Release|Any CPU.ActiveCfg = Release|Any CPU
		{062FFF6A-FD9D-46A9-B27E-591FBABEB704}.Release|Any CPU.Build.0 = Release|Any CPU
		{36FB3B28-63F1-434F-BC5C-F0D18CAAA234}.Debug|Any CPU.ActiveCfg = Debug|Any CPU
		{36FB3B28-63F1-434F-BC5C-F0D18CAAA234}.Debug|Any CPU.Build.0 = Debug|Any CPU
		{36FB3B28-63F1-434F-BC5C-F0D18CAAA234}.Release|Any CPU.ActiveCfg = Release|Any CPU
		{36FB3B28-63F1-434F-BC5C-F0D18CAAA234}.Release|Any CPU.Build.0 = Release|Any CPU
		{FD2EC23A-EAD2-47D4-8CA1-43C5557DF9CE}.Debug|Any CPU.ActiveCfg = Debug|Any CPU
		{FD2EC23A-EAD2-47D4-8CA1-43C5557DF9CE}.Debug|Any CPU.Build.0 = Debug|Any CPU
		{FD2EC23A-EAD2-47D4-8CA1-43C5557DF9CE}.Release|Any CPU.ActiveCfg = Release|Any CPU
		{FD2EC23A-EAD2-47D4-8CA1-43C5557DF9CE}.Release|Any CPU.Build.0 = Release|Any CPU
		{DD7F4629-1964-4042-8EF3-4009AC681379}.Debug|Any CPU.ActiveCfg = Debug|Any CPU
		{DD7F4629-1964-4042-8EF3-4009AC681379}.Debug|Any CPU.Build.0 = Debug|Any CPU
		{DD7F4629-1964-4042-8EF3-4009AC681379}.Release|Any CPU.ActiveCfg = Release|Any CPU
		{DD7F4629-1964-4042-8EF3-4009AC681379}.Release|Any CPU.Build.0 = Release|Any CPU
	EndGlobalSection
	GlobalSection(SolutionProperties) = preSolution
		HideSolutionNode = FALSE
	EndGlobalSection
	GlobalSection(ExtensibilityGlobals) = postSolution
		SolutionGuid = {B63D6B51-A6C7-48C1-92F5-CA3DC398E5FA}
	EndGlobalSection
EndGlobal
